
Microsoft Visual Studio Solution File, Format Version 12.00
# Visual Studio Version 17
VisualStudioVersion = 17.3.32825.248
MinimumVisualStudioVersion = 10.0.40219.1
Project("{9A19103F-16F7-4668-BE54-9A1E7A4F7556}") = "mainModules", "mainModules\mainModules.csproj", "{7F1B33FA-BF18-4309-A597-42E232D100EB}"
EndProject
Project("{9A19103F-16F7-4668-BE54-9A1E7A4F7556}") = "databaseAPI", "databaseAPI\databaseAPI.csproj", "{84B608D7-75E9-42BB-88FD-33569B61568E}"
EndProject
Project("{9A19103F-16F7-4668-BE54-9A1E7A4F7556}") = "securityAPI", "securityAPI\securityAPI.csproj", "{A17D5A29-1038-4946-B762-0BD76EC143CA}"
EndProject
Project("{9A19103F-16F7-4668-BE54-9A1E7A4F7556}") = "maintenancebot", "maintenancebot\maintenancebot.csproj", "{2DDC42E0-6E99-44B2-AF88-2D45C861EE12}"
EndProject
Project("{9A19103F-16F7-4668-BE54-9A1E7A4F7556}") = "GenerateMaintenanceTask", "devtools\GenerateMaintenanceTask\GenerateMaintenanceTask.csproj", "{657897B4-023E-42C9-BC16-67F208AAE484}"
EndProject
Project("{FAE04EC0-301F-11D3-BF4B-00C04F79EFBC}") = "EDSRetail_SetupWizard", "EDSRetail_SetupWizard\EDSRetail_SetupWizard.csproj", "{42F14338-8C26-4161-AE09-B8F98E41A1AD}"
EndProject
Global
	GlobalSection(SolutionConfigurationPlatforms) = preSolution
		Debug|Any CPU = Debug|Any CPU
		Release|Any CPU = Release|Any CPU
	EndGlobalSection
	GlobalSection(ProjectConfigurationPlatforms) = postSolution
		{7F1B33FA-BF18-4309-A597-42E232D100EB}.Debug|Any CPU.ActiveCfg = Debug|Any CPU
		{7F1B33FA-BF18-4309-A597-42E232D100EB}.Debug|Any CPU.Build.0 = Debug|Any CPU
		{7F1B33FA-BF18-4309-A597-42E232D100EB}.Release|Any CPU.ActiveCfg = Release|Any CPU
		{7F1B33FA-BF18-4309-A597-42E232D100EB}.Release|Any CPU.Build.0 = Release|Any CPU
		{84B608D7-75E9-42BB-88FD-33569B61568E}.Debug|Any CPU.ActiveCfg = Debug|Any CPU
		{84B608D7-75E9-42BB-88FD-33569B61568E}.Debug|Any CPU.Build.0 = Debug|Any CPU
		{84B608D7-75E9-42BB-88FD-33569B61568E}.Release|Any CPU.ActiveCfg = Release|Any CPU
		{84B608D7-75E9-42BB-88FD-33569B61568E}.Release|Any CPU.Build.0 = Release|Any CPU
		{A17D5A29-1038-4946-B762-0BD76EC143CA}.Debug|Any CPU.ActiveCfg = Debug|Any CPU
		{A17D5A29-1038-4946-B762-0BD76EC143CA}.Debug|Any CPU.Build.0 = Debug|Any CPU
		{A17D5A29-1038-4946-B762-0BD76EC143CA}.Release|Any CPU.ActiveCfg = Release|Any CPU
		{A17D5A29-1038-4946-B762-0BD76EC143CA}.Release|Any CPU.Build.0 = Release|Any CPU
		{2DDC42E0-6E99-44B2-AF88-2D45C861EE12}.Debug|Any CPU.ActiveCfg = Debug|Any CPU
		{2DDC42E0-6E99-44B2-AF88-2D45C861EE12}.Debug|Any CPU.Build.0 = Debug|Any CPU
		{2DDC42E0-6E99-44B2-AF88-2D45C861EE12}.Release|Any CPU.ActiveCfg = Release|Any CPU
		{2DDC42E0-6E99-44B2-AF88-2D45C861EE12}.Release|Any CPU.Build.0 = Release|Any CPU
		{657897B4-023E-42C9-BC16-67F208AAE484}.Debug|Any CPU.ActiveCfg = Debug|Any CPU
		{657897B4-023E-42C9-BC16-67F208AAE484}.Debug|Any CPU.Build.0 = Debug|Any CPU
		{657897B4-023E-42C9-BC16-67F208AAE484}.Release|Any CPU.ActiveCfg = Release|Any CPU
		{657897B4-023E-42C9-BC16-67F208AAE484}.Release|Any CPU.Build.0 = Release|Any CPU
		{42F14338-8C26-4161-AE09-B8F98E41A1AD}.Debug|Any CPU.ActiveCfg = Debug|Any CPU
		{42F14338-8C26-4161-AE09-B8F98E41A1AD}.Debug|Any CPU.Build.0 = Debug|Any CPU
		{42F14338-8C26-4161-AE09-B8F98E41A1AD}.Release|Any CPU.ActiveCfg = Release|Any CPU
		{42F14338-8C26-4161-AE09-B8F98E41A1AD}.Release|Any CPU.Build.0 = Release|Any CPU
	EndGlobalSection
	GlobalSection(SolutionProperties) = preSolution
		HideSolutionNode = FALSE
	EndGlobalSection
	GlobalSection(ExtensibilityGlobals) = postSolution
		SolutionGuid = {27917C81-F707-405A-A6DD-E66F9A8FBF25}
	EndGlobalSection
EndGlobal
